
Microsoft Visual Studio Solution File, Format Version 12.00
Project("{FAE04EC0-301F-11D3-BF4B-00C04F79EFBC}") = "Crawiot", "Crawiot\Crawiot.csproj", "{4C796875-364C-425E-A86D-45E4F5675156}"
EndProject
Global
	GlobalSection(SolutionConfigurationPlatforms) = preSolution
		Debug|Any CPU = Debug|Any CPU
		Release|Any CPU = Release|Any CPU
	EndGlobalSection
	GlobalSection(ProjectConfigurationPlatforms) = postSolution
		{4C796875-364C-425E-A86D-45E4F5675156}.Debug|Any CPU.ActiveCfg = Debug|Any CPU
		{4C796875-364C-425E-A86D-45E4F5675156}.Debug|Any CPU.Build.0 = Debug|Any CPU
		{4C796875-364C-425E-A86D-45E4F5675156}.Release|Any CPU.ActiveCfg = Release|Any CPU
		{4C796875-364C-425E-A86D-45E4F5675156}.Release|Any CPU.Build.0 = Release|Any CPU
	EndGlobalSection
EndGlobal
